
Microsoft Visual Studio Solution File, Format Version 12.00
# Visual Studio Version 17
VisualStudioVersion = 17.5.33502.453
MinimumVisualStudioVersion = 10.0.40219.1
Project("{9A19103F-16F7-4668-BE54-9A1E7A4F7556}") = "Cinemath", "Cinemath\Cinemath.csproj", "{BA217E70-37AA-45E2-899F-2B88E3EC5A8D}"
EndProject
Global
	GlobalSection(SolutionConfigurationPlatforms) = preSolution
		Debug|Any CPU = Debug|Any CPU
		Release|Any CPU = Release|Any CPU
	EndGlobalSection
	GlobalSection(ProjectConfigurationPlatforms) = postSolution
		{BA217E70-37AA-45E2-899F-2B88E3EC5A8D}.Debug|Any CPU.ActiveCfg = Debug|Any CPU
		{BA217E70-37AA-45E2-899F-2B88E3EC5A8D}.Debug|Any CPU.Build.0 = Debug|Any CPU
		{BA217E70-37AA-45E2-899F-2B88E3EC5A8D}.Release|Any CPU.ActiveCfg = Release|Any CPU
		{BA217E70-37AA-45E2-899F-2B88E3EC5A8D}.Release|Any CPU.Build.0 = Release|Any CPU
	EndGlobalSection
	GlobalSection(SolutionProperties) = preSolution
		HideSolutionNode = FALSE
	EndGlobalSection
	GlobalSection(ExtensibilityGlobals) = postSolution
		SolutionGuid = {D98D567C-1D88-4D06-8BD8-B4CF838BC555}
	EndGlobalSection
EndGlobal
